
Microsoft Visual Studio Solution File, Format Version 12.00
# Visual Studio for Mac
Project("{FAE04EC0-301F-11D3-BF4B-00C04F79EFBC}") = "ZionDefense", "ZionDefense.csproj", "{60DCD9D9-F2E9-2A83-CDDE-0473111DD299}"
EndProject
Project("{FAE04EC0-301F-11D3-BF4B-00C04F79EFBC}") = "ZionDefense.Plugins", "ZionDefense.Plugins.csproj", "{D7007F33-0164-B1E1-A21C-13A6C4B938D7}"
EndProject
Project("{FAE04EC0-301F-11D3-BF4B-00C04F79EFBC}") = "ZionDefense.Editor.Plugins", "ZionDefense.Editor.Plugins.csproj", "{F6C16047-0B43-FF22-35DD-5C5241B1F68C}"
EndProject
Global
	GlobalSection(SolutionConfigurationPlatforms) = preSolution
		Debug|Any CPU = Debug|Any CPU
		Release|Any CPU = Release|Any CPU
	EndGlobalSection
	GlobalSection(ProjectConfigurationPlatforms) = postSolution
		{60DCD9D9-F2E9-2A83-CDDE-0473111DD299}.Debug|Any CPU.ActiveCfg = Debug|Any CPU
		{60DCD9D9-F2E9-2A83-CDDE-0473111DD299}.Debug|Any CPU.Build.0 = Debug|Any CPU
		{60DCD9D9-F2E9-2A83-CDDE-0473111DD299}.Release|Any CPU.ActiveCfg = Release|Any CPU
		{60DCD9D9-F2E9-2A83-CDDE-0473111DD299}.Release|Any CPU.Build.0 = Release|Any CPU
		{D7007F33-0164-B1E1-A21C-13A6C4B938D7}.Debug|Any CPU.ActiveCfg = Debug|Any CPU
		{D7007F33-0164-B1E1-A21C-13A6C4B938D7}.Debug|Any CPU.Build.0 = Debug|Any CPU
		{D7007F33-0164-B1E1-A21C-13A6C4B938D7}.Release|Any CPU.ActiveCfg = Release|Any CPU
		{D7007F33-0164-B1E1-A21C-13A6C4B938D7}.Release|Any CPU.Build.0 = Release|Any CPU
		{F6C16047-0B43-FF22-35DD-5C5241B1F68C}.Debug|Any CPU.ActiveCfg = Debug|Any CPU
		{F6C16047-0B43-FF22-35DD-5C5241B1F68C}.Debug|Any CPU.Build.0 = Debug|Any CPU
		{F6C16047-0B43-FF22-35DD-5C5241B1F68C}.Release|Any CPU.ActiveCfg = Release|Any CPU
		{F6C16047-0B43-FF22-35DD-5C5241B1F68C}.Release|Any CPU.Build.0 = Release|Any CPU
	EndGlobalSection
	GlobalSection(SolutionProperties) = preSolution
		HideSolutionNode = FALSE
	EndGlobalSection
EndGlobal
